// !$*UTF8*$!
{
	archiveVersion = 1;
	classes = {
	};
	objectVersion = 46;
	objects = {

/* Begin PBXBuildFile section */
		DD0BFAF81F51853F00C0EE82 /* ExplainViewController.swift in Sources */ = {isa = PBXBuildFile; fileRef = DD0BFAF71F51853F00C0EE82 /* ExplainViewController.swift */; };
		DD0BFAFC1F51F96700C0EE82 /* correct.mp3 in Resources */ = {isa = PBXBuildFile; fileRef = DD0BFAFA1F51F96700C0EE82 /* correct.mp3 */; };
		DD0BFAFD1F51F96700C0EE82 /* wrong.mp3 in Resources */ = {isa = PBXBuildFile; fileRef = DD0BFAFB1F51F96700C0EE82 /* wrong.mp3 */; };
		DD5D2BDB1F5082A300BF34FE /* AppDelegate.swift in Sources */ = {isa = PBXBuildFile; fileRef = DD5D2BDA1F5082A300BF34FE /* AppDelegate.swift */; };
		DD5D2BDD1F5082A300BF34FE /* ViewController.swift in Sources */ = {isa = PBXBuildFile; fileRef = DD5D2BDC1F5082A300BF34FE /* ViewController.swift */; };
		DD5D2BE01F5082A400BF34FE /* Main.storyboard in Resources */ = {isa = PBXBuildFile; fileRef = DD5D2BDE1F5082A400BF34FE /* Main.storyboard */; };
		DD5D2BE21F5082A400BF34FE /* Assets.xcassets in Resources */ = {isa = PBXBuildFile; fileRef = DD5D2BE11F5082A400BF34FE /* Assets.xcassets */; };
		DD5D2BE51F5082A400BF34FE /* LaunchScreen.storyboard in Resources */ = {isa = PBXBuildFile; fileRef = DD5D2BE31F5082A400BF34FE /* LaunchScreen.storyboard */; };
		DD5D2BED1F51173100BF34FE /* Quiz.swift in Sources */ = {isa = PBXBuildFile; fileRef = DD5D2BEC1F51173100BF34FE /* Quiz.swift */; };
		DD5D2BF11F511D0C00BF34FE /* Quizes.plist in Resources */ = {isa = PBXBuildFile; fileRef = DD5D2BF01F511D0C00BF34FE /* Quizes.plist */; };
/* End PBXBuildFile section */

/* Begin PBXFileReference section */
		DD0BFAF71F51853F00C0EE82 /* ExplainViewController.swift */ = {isa = PBXFileReference; fileEncoding = 4; lastKnownFileType = sourcecode.swift; path = ExplainViewController.swift; sourceTree = "<group>"; };
		DD0BFAFA1F51F96700C0EE82 /* correct.mp3 */ = {isa = PBXFileReference; lastKnownFileType = audio.mp3; path = correct.mp3; sourceTree = "<group>"; };
		DD0BFAFB1F51F96700C0EE82 /* wrong.mp3 */ = {isa = PBXFileReference; lastKnownFileType = audio.mp3; path = wrong.mp3; sourceTree = "<group>"; };
		DD5D2BD71F5082A300BF34FE /* iQuiz.app */ = {isa = PBXFileReference; explicitFileType = wrapper.application; includeInIndex = 0; path = iQuiz.app; sourceTree = BUILT_PRODUCTS_DIR; };
		DD5D2BDA1F5082A300BF34FE /* AppDelegate.swift */ = {isa = PBXFileReference; lastKnownFileType = sourcecode.swift; path = AppDelegate.swift; sourceTree = "<group>"; };
		DD5D2BDC1F5082A300BF34FE /* ViewController.swift */ = {isa = PBXFileReference; lastKnownFileType = sourcecode.swift; path = ViewController.swift; sourceTree = "<group>"; };
		DD5D2BDF1F5082A400BF34FE /* Base */ = {isa = PBXFileReference; lastKnownFileType = file.storyboard; name = Base; path = Base.lproj/Main.storyboard; sourceTree = "<group>"; };
		DD5D2BE11F5082A400BF34FE /* Assets.xcassets */ = {isa = PBXFileReference; lastKnownFileType = folder.assetcatalog; path = Assets.xcassets; sourceTree = "<group>"; };
		DD5D2BE41F5082A400BF34FE /* Base */ = {isa = PBXFileReference; lastKnownFileType = file.storyboard; name = Base; path = Base.lproj/LaunchScreen.storyboard; sourceTree = "<group>"; };
		DD5D2BE61F5082A400BF34FE /* Info.plist */ = {isa = PBXFileReference; lastKnownFileType = text.plist.xml; path = Info.plist; sourceTree = "<group>"; };
		DD5D2BEC1F51173100BF34FE /* Quiz.swift */ = {isa = PBXFileReference; fileEncoding = 4; lastKnownFileType = sourcecode.swift; path = Quiz.swift; sourceTree = "<group>"; };
		DD5D2BF01F511D0C00BF34FE /* Quizes.plist */ = {isa = PBXFileReference; fileEncoding = 4; lastKnownFileType = text.plist.xml; path = Quizes.plist; sourceTree = "<group>"; };
/* End PBXFileReference section */

/* Begin PBXFrameworksBuildPhase section */
		DD5D2BD41F5082A300BF34FE /* Frameworks */ = {
			isa = PBXFrameworksBuildPhase;
			buildActionMask = 2147483647;
			files = (
			);
			runOnlyForDeploymentPostprocessing = 0;
		};
/* End PBXFrameworksBuildPhase section */

/* Begin PBXGroup section */
		DD0BFAF91F51F94300C0EE82 /* Sound */ = {
			isa = PBXGroup;
			children = (
				DD0BFAFA1F51F96700C0EE82 /* correct.mp3 */,
				DD0BFAFB1F51F96700C0EE82 /* wrong.mp3 */,
			);
			name = Sound;
			sourceTree = "<group>";
		};
		DD5D2BCE1F5082A300BF34FE = {
			isa = PBXGroup;
			children = (
				DD5D2BD91F5082A300BF34FE /* iQuiz */,
				DD5D2BD81F5082A300BF34FE /* Products */,
			);
			sourceTree = "<group>";
		};
		DD5D2BD81F5082A300BF34FE /* Products */ = {
			isa = PBXGroup;
			children = (
				DD5D2BD71F5082A300BF34FE /* iQuiz.app */,
			);
			name = Products;
			sourceTree = "<group>";
		};
		DD5D2BD91F5082A300BF34FE /* iQuiz */ = {
			isa = PBXGroup;
			children = (
				DD5D2BDA1F5082A300BF34FE /* AppDelegate.swift */,
				DD5D2BEC1F51173100BF34FE /* Quiz.swift */,
				DD5D2BDC1F5082A300BF34FE /* ViewController.swift */,
				DD0BFAF71F51853F00C0EE82 /* ExplainViewController.swift */,
				DD5D2BDE1F5082A400BF34FE /* Main.storyboard */,
				DD5D2BE11F5082A400BF34FE /* Assets.xcassets */,
				DD5D2BE31F5082A400BF34FE /* LaunchScreen.storyboard */,
				DD5D2BE61F5082A400BF34FE /* Info.plist */,
				DD5D2BF01F511D0C00BF34FE /* Quizes.plist */,
				DD0BFAF91F51F94300C0EE82 /* Sound */,
			);
			path = iQuiz;
			sourceTree = "<group>";
		};
/* End PBXGroup section */

/* Begin PBXNativeTarget section */
		DD5D2BD61F5082A300BF34FE /* iQuiz */ = {
			isa = PBXNativeTarget;
			buildConfigurationList = DD5D2BE91F5082A400BF34FE /* Build configuration list for PBXNativeTarget "iQuiz" */;
			buildPhases = (
				DD5D2BD31F5082A300BF34FE /* Sources */,
				DD5D2BD41F5082A300BF34FE /* Frameworks */,
				DD5D2BD51F5082A300BF34FE /* Resources */,
			);
			buildRules = (
			);
			dependencies = (
			);
			name = iQuiz;
			productName = iQuiz;
			productReference = DD5D2BD71F5082A300BF34FE /* iQuiz.app */;
			productType = "com.apple.product-type.application";
		};
/* End PBXNativeTarget section */

/* Begin PBXProject section */
		DD5D2BCF1F5082A300BF34FE /* Project object */ = {
			isa = PBXProject;
			attributes = {
				LastSwiftUpdateCheck = 0830;
				LastUpgradeCheck = 0830;
				ORGANIZATIONNAME = "Fahim Shahrier Rasel";
				TargetAttributes = {
					DD5D2BD61F5082A300BF34FE = {
						CreatedOnToolsVersion = 8.3.3;
						ProvisioningStyle = Automatic;
					};
				};
			};
			buildConfigurationList = DD5D2BD21F5082A300BF34FE /* Build configuration list for PBXProject "iQuiz" */;
			compatibilityVersion = "Xcode 3.2";
			developmentRegion = English;
			hasScannedForEncodings = 0;
			knownRegions = (
				en,
				Base,
			);
			mainGroup = DD5D2BCE1F5082A300BF34FE;
			productRefGroup = DD5D2BD81F5082A300BF34FE /* Products */;
			projectDirPath = "";
			projectRoot = "";
			targets = (
				DD5D2BD61F5082A300BF34FE /* iQuiz */,
			);
		};
/* End PBXProject section */

/* Begin PBXResourcesBuildPhase section */
		DD5D2BD51F5082A300BF34FE /* Resources */ = {
			isa = PBXResourcesBuildPhase;
			buildActionMask = 2147483647;
			files = (
				DD0BFAFC1F51F96700C0EE82 /* correct.mp3 in Resources */,
				DD5D2BE51F5082A400BF34FE /* LaunchScreen.storyboard in Resources */,
				DD5D2BE21F5082A400BF34FE /* Assets.xcassets in Resources */,
				DD5D2BE01F5082A400BF34FE /* Main.storyboard in Resources */,
				DD0BFAFD1F51F96700C0EE82 /* wrong.mp3 in Resources */,
				DD5D2BF11F511D0C00BF34FE /* Quizes.plist in Resources */,
			);
			runOnlyForDeploymentPostprocessing = 0;
		};
/* End PBXResourcesBuildPhase section */

/* Begin PBXSourcesBuildPhase section */
		DD5D2BD31F5082A300BF34FE /* Sources */ = {
			isa = PBXSourcesBuildPhase;
			buildActionMask = 2147483647;
			files = (
				DD5D2BDD1F5082A300BF34FE /* ViewController.swift in Sources */,
				DD5D2BDB1F5082A300BF34FE /* AppDelegate.swift in Sources */,
				DD0BFAF81F51853F00C0EE82 /* ExplainViewController.swift in Sources */,
				DD5D2BED1F51173100BF34FE /* Quiz.swift in Sources */,
			);
			runOnlyForDeploymentPostprocessing = 0;
		};
/* End PBXSourcesBuildPhase section */

/* Begin PBXVariantGroup section */
		DD5D2BDE1F5082A400BF34FE /* Main.storyboard */ = {
			isa = PBXVariantGroup;
			children = (
				DD5D2BDF1F5082A400BF34FE /* Base */,
			);
			name = Main.storyboard;
			sourceTree = "<group>";
		};
		DD5D2BE31F5082A400BF34FE /* LaunchScreen.storyboard */ = {
			isa = PBXVariantGroup;
			children = (
				DD5D2BE41F5082A400BF34FE /* Base */,
			);
			name = LaunchScreen.storyboard;
			sourceTree = "<group>";
		};
/* End PBXVariantGroup section */

/* Begin XCBuildConfiguration section */
		DD5D2BE71F5082A400BF34FE /* Debug */ = {
			isa = XCBuildConfiguration;
			buildSettings = {
				ALWAYS_SEARCH_USER_PATHS = NO;
				CLANG_ANALYZER_NONNULL = YES;
				CLANG_ANALYZER_NUMBER_OBJECT_CONVERSION = YES_AGGRESSIVE;
				CLANG_CXX_LANGUAGE_STANDARD = "gnu++0x";
				CLANG_CXX_LIBRARY = "libc++";
				CLANG_ENABLE_MODULES = YES;
				CLANG_ENABLE_OBJC_ARC = YES;
				CLANG_WARN_BOOL_CONVERSION = YES;
				CLANG_WARN_CONSTANT_CONVERSION = YES;
				CLANG_WARN_DIRECT_OBJC_ISA_USAGE = YES_ERROR;
				CLANG_WARN_DOCUMENTATION_COMMENTS = YES;
				CLANG_WARN_EMPTY_BODY = YES;
				CLANG_WARN_ENUM_CONVERSION = YES;
				CLANG_WARN_INFINITE_RECURSION = YES;
				CLANG_WARN_INT_CONVERSION = YES;
				CLANG_WARN_OBJC_ROOT_CLASS = YES_ERROR;
				CLANG_WARN_SUSPICIOUS_MOVE = YES;
				CLANG_WARN_UNREACHABLE_CODE = YES;
				CLANG_WARN__DUPLICATE_METHOD_MATCH = YES;
				"CODE_SIGN_IDENTITY[sdk=iphoneos*]" = "iPhone Developer";
				COPY_PHASE_STRIP = NO;
				DEBUG_INFORMATION_FORMAT = dwarf;
				ENABLE_STRICT_OBJC_MSGSEND = YES;
				ENABLE_TESTABILITY = YES;
				GCC_C_LANGUAGE_STANDARD = gnu99;
				GCC_DYNAMIC_NO_PIC = NO;
				GCC_NO_COMMON_BLOCKS = YES;
				GCC_OPTIMIZATION_LEVEL = 0;
				GCC_PREPROCESSOR_DEFINITIONS = (
					"DEBUG=1",
					"$(inherited)",
				);
				GCC_WARN_64_TO_32_BIT_CONVERSION = YES;
				GCC_WARN_ABOUT_RETURN_TYPE = YES_ERROR;
				GCC_WARN_UNDECLARED_SELECTOR = YES;
				GCC_WARN_UNINITIALIZED_AUTOS = YES_AGGRESSIVE;
				GCC_WARN_UNUSED_FUNCTION = YES;
				GCC_WARN_UNUSED_VARIABLE = YES;
				IPHONEOS_DEPLOYMENT_TARGET = 10.3;
				MTL_ENABLE_DEBUG_INFO = YES;
				ONLY_ACTIVE_ARCH = YES;
				SDKROOT = iphoneos;
				SWIFT_ACTIVE_COMPILATION_CONDITIONS = DEBUG;
				SWIFT_OPTIMIZATION_LEVEL = "-Onone";
			};
			name = Debug;
		};
		DD5D2BE81F5082A400BF34FE /* Release */ = {
			isa = XCBuildConfiguration;
			buildSettings = {
				ALWAYS_SEARCH_USER_PATHS = NO;
				CLANG_ANALYZER_NONNULL = YES;
				CLANG_ANALYZER_NUMBER_OBJECT_CONVERSION = YES_AGGRESSIVE;
				CLANG_CXX_LANGUAGE_STANDARD = "gnu++0x";
				CLANG_CXX_LIBRARY = "libc++";
				CLANG_ENABLE_MODULES = YES;
				CLANG_ENABLE_OBJC_ARC = YES;
				CLANG_WARN_BOOL_CONVERSION = YES;
				CLANG_WARN_CONSTANT_CONVERSION = YES;
				CLANG_WARN_DIRECT_OBJC_ISA_USAGE = YES_ERROR;
				CLANG_WARN_DOCUMENTATION_COMMENTS = YES;
				CLANG_WARN_EMPTY_BODY = YES;
				CLANG_WARN_ENUM_CONVERSION = YES;
				CLANG_WARN_INFINITE_RECURSION = YES;
				CLANG_WARN_INT_CONVERSION = YES;
				CLANG_WARN_OBJC_ROOT_CLASS = YES_ERROR;
				CLANG_WARN_SUSPICIOUS_MOVE = YES;
				CLANG_WARN_UNREACHABLE_CODE = YES;
				CLANG_WARN__DUPLICATE_METHOD_MATCH = YES;
				"CODE_SIGN_IDENTITY[sdk=iphoneos*]" = "iPhone Developer";
				COPY_PHASE_STRIP = NO;
				DEBUG_INFORMATION_FORMAT = "dwarf-with-dsym";
				ENABLE_NS_ASSERTIONS = NO;
				ENABLE_STRICT_OBJC_MSGSEND = YES;
				GCC_C_LANGUAGE_STANDARD = gnu99;
				GCC_NO_COMMON_BLOCKS = YES;
				GCC_WARN_64_TO_32_BIT_CONVERSION = YES;
				GCC_WARN_ABOUT_RETURN_TYPE = YES_ERROR;
				GCC_WARN_UNDECLARED_SELECTOR = YES;
				GCC_WARN_UNINITIALIZED_AUTOS = YES_AGGRESSIVE;
				GCC_WARN_UNUSED_FUNCTION = YES;
				GCC_WARN_UNUSED_VARIABLE = YES;
				IPHONEOS_DEPLOYMENT_TARGET = 10.3;
				MTL_ENABLE_DEBUG_INFO = NO;
				SDKROOT = iphoneos;
				SWIFT_OPTIMIZATION_LEVEL = "-Owholemodule";
				VALIDATE_PRODUCT = YES;
			};
			name = Release;
		};
		DD5D2BEA1F5082A400BF34FE /* Debug */ = {
			isa = XCBuildConfiguration;
			buildSettings = {
				ASSETCATALOG_COMPILER_APPICON_NAME = AppIcon;
				INFOPLIST_FILE = iQuiz/Info.plist;
				LD_RUNPATH_SEARCH_PATHS = "$(inherited) @executable_path/Frameworks";
				PRODUCT_BUNDLE_IDENTIFIER = com.fahimshahrierrasel.iQuiz;
				PRODUCT_NAME = "$(TARGET_NAME)";
				SWIFT_VERSION = 3.0;
			};
			name = Debug;
		};
		DD5D2BEB1F5082A400BF34FE /* Release */ = {
			isa = XCBuildConfiguration;
			buildSettings = {
				ASSETCATALOG_COMPILER_APPICON_NAME = AppIcon;
				INFOPLIST_FILE = iQuiz/Info.plist;
				LD_RUNPATH_SEARCH_PATHS = "$(inherited) @executable_path/Frameworks";
				PRODUCT_BUNDLE_IDENTIFIER = com.fahimshahrierrasel.iQuiz;
				PRODUCT_NAME = "$(TARGET_NAME)";
				SWIFT_VERSION = 3.0;
			};
			name = Release;
		};
/* End XCBuildConfiguration section */

/* Begin XCConfigurationList section */
		DD5D2BD21F5082A300BF34FE /* Build configuration list for PBXProject "iQuiz" */ = {
			isa = XCConfigurationList;
			buildConfigurations = (
				DD5D2BE71F5082A400BF34FE /* Debug */,
				DD5D2BE81F5082A400BF34FE /* Release */,
			);
			defaultConfigurationIsVisible = 0;
			defaultConfigurationName = Release;
		};
		DD5D2BE91F5082A400BF34FE /* Build configuration list for PBXNativeTarget "iQuiz" */ = {
			isa = XCConfigurationList;
			buildConfigurations = (
				DD5D2BEA1F5082A400BF34FE /* Debug */,
				DD5D2BEB1F5082A400BF34FE /* Release */,
			);
			defaultConfigurationIsVisible = 0;
			defaultConfigurationName = Release;
		};
/* End XCConfigurationList section */
	};
	rootObject = DD5D2BCF1F5082A300BF34FE /* Project object */;
}
